lockfileVersion: '6.0'

settings:
  autoInstallPeers: true
  excludeLinksFromLockfile: false

dependencies:
  '@tanstack/react-query':
    specifier: ^4.29.3
    version: 4.29.3(react-dom@18.2.0)(react@18.2.0)
  '@tanstack/react-query-devtools':
    specifier: ^4.29.3
    version: 4.29.3(@tanstack/react-query@4.29.3)(react-dom@18.2.0)(react@18.2.0)
  '@types/compression':
    specifier: ^1.7.2
    version: 1.7.2
  '@types/express':
    specifier: ^4.17.17
    version: 4.17.17
  '@types/node':
    specifier: ^18.15.13
    version: 18.19.19
  '@types/react':
    specifier: ^18.0.37
    version: 18.0.37
  '@types/react-dom':
    specifier: ^18.0.11
    version: 18.0.11
  '@vitejs/plugin-react-swc':
    specifier: ^3.3.0
    version: 3.3.0(vite@4.3.1)
  compression:
    specifier: ^1.7.4
    version: 1.7.4
  cross-env:
    specifier: ^7.0.3
    version: 7.0.3
  express:
    specifier: ^4.18.2
    version: 4.18.2
  react:
    specifier: ^18.2.0
    version: 18.2.0
  react-dom:
    specifier: ^18.2.0
    version: 18.2.0(react@18.2.0)
  sirv:
    specifier: ^2.0.2
    version: 2.0.2
  ts-node:
    specifier: ^10.9.1
    version: 10.9.1(@types/node@18.19.19)(typescript@5.0.4)
  typescript:
    specifier: ^5.0.4
    version: 5.0.4
  vite:
    specifier: ^4.3.1
    version: 4.3.1(@types/node@18.19.19)
  vite-plugin-ssr:
    specifier: ^0.4.115
    version: 0.4.115(vite@4.3.1)

packages:

  /@brillout/import@0.2.3:
    resolution: {integrity: sha512-1T8WlD75eeFSMrptGy8jiLHmfHgMmSjWvLOIUvHmSVZt+6k0eQqYUoK4KbmE4T9pVLIfxvZSOm2D68VEqKRHRw==}
    dev: false

  /@brillout/json-serializer@0.5.3:
    resolution: {integrity: sha512-IxlOMD5gOM0WfFGdeR98jHKiC82Ad1tUnSjvLS5jnRkfMEKBI+YzHA32Umw8W3Ccp5N4fNEX229BW6RaRpxRWQ==}
    dev: false

  /@brillout/vite-plugin-import-build@0.2.16:
    resolution: {integrity: sha512-3rbNIgOUIPf8JrV3lozG3lpIe+xnujUANpMaf9aPVGnZV5SVKOSrvLk83+2Y8/nhHgLYTBplNZTW3DTD6J29ag==}
    dependencies:
      '@brillout/import': 0.2.3
    dev: false

  /@cspotcode/source-map-support@0.8.1:
    resolution: {integrity: sha512-IchNf6dN4tHoMFIn/7OE8LWZ19Y6q/67Bmf6vnGREv8RSbBVb9LPJxEcnwrcwX6ixSvaiGoomAUvu4YSxXrVgw==}
    engines: {node: '>=12'}
    dependencies:
      '@jridgewell/trace-mapping': 0.3.9
    dev: false

  /@esbuild/android-arm64@0.17.17:
    resolution: {integrity: sha512-jaJ5IlmaDLFPNttv0ofcwy/cfeY4bh/n705Tgh+eLObbGtQBK3EPAu+CzL95JVE4nFAliyrnEu0d32Q5foavqg==}
    engines: {node: '>=12'}
    cpu: [arm64]
    os: [android]
    requiresBuild: true
    dev: false
    optional: true

  /@esbuild/android-arm@0.17.17:
    resolution: {integrity: sha512-E6VAZwN7diCa3labs0GYvhEPL2M94WLF8A+czO8hfjREXxba8Ng7nM5VxV+9ihNXIY1iQO1XxUU4P7hbqbICxg==}
    engines: {node: '>=12'}
    cpu: [arm]
    os: [android]
    requiresBuild: true
    dev: false
    optional: true

  /@esbuild/android-x64@0.17.17:
    resolution: {integrity: sha512-446zpfJ3nioMC7ASvJB1pszHVskkw4u/9Eu8s5yvvsSDTzYh4p4ZIRj0DznSl3FBF0Z/mZfrKXTtt0QCoFmoHA==}
    engines: {node: '>=12'}
    cpu: [x64]
    os: [android]
    requiresBuild: true
    dev: false
    optional: true

  /@esbuild/darwin-arm64@0.17.17:
    resolution: {integrity: sha512-m/gwyiBwH3jqfUabtq3GH31otL/0sE0l34XKpSIqR7NjQ/XHQ3lpmQHLHbG8AHTGCw8Ao059GvV08MS0bhFIJQ==}
    engines: {node: '>=12'}
    cpu: [arm64]
    os: [darwin]
    requiresBuild: true
    dev: false
    optional: true

  /@esbuild/darwin-x64@0.17.17:
    resolution: {integrity: sha512-4utIrsX9IykrqYaXR8ob9Ha2hAY2qLc6ohJ8c0CN1DR8yWeMrTgYFjgdeQ9LIoTOfLetXjuCu5TRPHT9yKYJVg==}
    engines: {node: '>=12'}
    cpu: [x64]
    os: [darwin]
    requiresBuild: true
    dev: false
    optional: true

  /@esbuild/freebsd-arm64@0.17.17:
    resolution: {integrity: sha512-4PxjQII/9ppOrpEwzQ1b0pXCsFLqy77i0GaHodrmzH9zq2/NEhHMAMJkJ635Ns4fyJPFOlHMz4AsklIyRqFZWA==}
    engines: {node: '>=12'}
    cpu: [arm64]
    os: [freebsd]
    requiresBuild: true
    dev: false
    optional: true

  /@esbuild/freebsd-x64@0.17.17:
    resolution: {integrity: sha512-lQRS+4sW5S3P1sv0z2Ym807qMDfkmdhUYX30GRBURtLTrJOPDpoU0kI6pVz1hz3U0+YQ0tXGS9YWveQjUewAJw==}
    engines: {node: '>=12'}
    cpu: [x64]
    os: [freebsd]
    requiresBuild: true
    dev: false
    optional: true

  /@esbuild/linux-arm64@0.17.17:
    resolution: {integrity: sha512-2+pwLx0whKY1/Vqt8lyzStyda1v0qjJ5INWIe+d8+1onqQxHLLi3yr5bAa4gvbzhZqBztifYEu8hh1La5+7sUw==}
    engines: {node: '>=12'}
    cpu: [arm64]
    os: [linux]
    requiresBuild: true
    dev: false
    optional: true

  /@esbuild/linux-arm@0.17.17:
    resolution: {integrity: sha512-biDs7bjGdOdcmIk6xU426VgdRUpGg39Yz6sT9Xp23aq+IEHDb/u5cbmu/pAANpDB4rZpY/2USPhCA+w9t3roQg==}
    engines: {node: '>=12'}
    cpu: [arm]
    os: [linux]
    requiresBuild: true
    dev: false
    optional: true

  /@esbuild/linux-ia32@0.17.17:
    resolution: {integrity: sha512-IBTTv8X60dYo6P2t23sSUYym8fGfMAiuv7PzJ+0LcdAndZRzvke+wTVxJeCq4WgjppkOpndL04gMZIFvwoU34Q==}
    engines: {node: '>=12'}
    cpu: [ia32]
    os: [linux]
    requiresBuild: true
    dev: false
    optional: true

  /@esbuild/linux-loong64@0.17.17:
    resolution: {integrity: sha512-WVMBtcDpATjaGfWfp6u9dANIqmU9r37SY8wgAivuKmgKHE+bWSuv0qXEFt/p3qXQYxJIGXQQv6hHcm7iWhWjiw==}
    engines: {node: '>=12'}
    cpu: [loong64]
    os: [linux]
    requiresBuild: true
    dev: false
    optional: true

  /@esbuild/linux-mips64el@0.17.17:
    resolution: {integrity: sha512-2kYCGh8589ZYnY031FgMLy0kmE4VoGdvfJkxLdxP4HJvWNXpyLhjOvxVsYjYZ6awqY4bgLR9tpdYyStgZZhi2A==}
    engines: {node: '>=12'}
    cpu: [mips64el]
    os: [linux]
    requiresBuild: true
    dev: false
    optional: true

  /@esbuild/linux-ppc64@0.17.17:
    resolution: {integrity: sha512-KIdG5jdAEeAKogfyMTcszRxy3OPbZhq0PPsW4iKKcdlbk3YE4miKznxV2YOSmiK/hfOZ+lqHri3v8eecT2ATwQ==}
    engines: {node: '>=12'}
    cpu: [ppc64]
    os: [linux]
    requiresBuild: true
    dev: false
    optional: true

  /@esbuild/linux-riscv64@0.17.17:
    resolution: {integrity: sha512-Cj6uWLBR5LWhcD/2Lkfg2NrkVsNb2sFM5aVEfumKB2vYetkA/9Uyc1jVoxLZ0a38sUhFk4JOVKH0aVdPbjZQeA==}
    engines: {node: '>=12'}
    cpu: [riscv64]
    os: [linux]
    requiresBuild: true
    dev: false
    optional: true

  /@esbuild/linux-s390x@0.17.17:
    resolution: {integrity: sha512-lK+SffWIr0XsFf7E0srBjhpkdFVJf3HEgXCwzkm69kNbRar8MhezFpkIwpk0qo2IOQL4JE4mJPJI8AbRPLbuOQ==}
    engines: {node: '>=12'}
    cpu: [s390x]
    os: [linux]
    requiresBuild: true
    dev: false
    optional: true

  /@esbuild/linux-x64@0.17.17:
    resolution: {integrity: sha512-XcSGTQcWFQS2jx3lZtQi7cQmDYLrpLRyz1Ns1DzZCtn898cWfm5Icx/DEWNcTU+T+tyPV89RQtDnI7qL2PObPg==}
    engines: {node: '>=12'}
    cpu: [x64]
    os: [linux]
    requiresBuild: true
    dev: false
    optional: true

  /@esbuild/netbsd-x64@0.17.17:
    resolution: {integrity: sha512-RNLCDmLP5kCWAJR+ItLM3cHxzXRTe4N00TQyQiimq+lyqVqZWGPAvcyfUBM0isE79eEZhIuGN09rAz8EL5KdLA==}
    engines: {node: '>=12'}
    cpu: [x64]
    os: [netbsd]
    requiresBuild: true
    dev: false
    optional: true

  /@esbuild/openbsd-x64@0.17.17:
    resolution: {integrity: sha512-PAXswI5+cQq3Pann7FNdcpSUrhrql3wKjj3gVkmuz6OHhqqYxKvi6GgRBoaHjaG22HV/ZZEgF9TlS+9ftHVigA==}
    engines: {node: '>=12'}
    cpu: [x64]
    os: [openbsd]
    requiresBuild: true
    dev: false
    optional: true

  /@esbuild/sunos-x64@0.17.17:
    resolution: {integrity: sha512-V63egsWKnx/4V0FMYkr9NXWrKTB5qFftKGKuZKFIrAkO/7EWLFnbBZNM1CvJ6Sis+XBdPws2YQSHF1Gqf1oj/Q==}
    engines: {node: '>=12'}
    cpu: [x64]
    os: [sunos]
    requiresBuild: true
    dev: false
    optional: true

  /@esbuild/win32-arm64@0.17.17:
    resolution: {integrity: sha512-YtUXLdVnd6YBSYlZODjWzH+KzbaubV0YVd6UxSfoFfa5PtNJNaW+1i+Hcmjpg2nEe0YXUCNF5bkKy1NnBv1y7Q==}
    engines: {node: '>=12'}
    cpu: [arm64]
    os: [win32]
    requiresBuild: true
    dev: false
    optional: true

  /@esbuild/win32-ia32@0.17.17:
    resolution: {integrity: sha512-yczSLRbDdReCO74Yfc5tKG0izzm+lPMYyO1fFTcn0QNwnKmc3K+HdxZWLGKg4pZVte7XVgcFku7TIZNbWEJdeQ==}
    engines: {node: '>=12'}
    cpu: [ia32]
    os: [win32]
    requiresBuild: true
    dev: false
    optional: true

  /@esbuild/win32-x64@0.17.17:
    resolution: {integrity: sha512-FNZw7H3aqhF9OyRQbDDnzUApDXfC1N6fgBhkqEO2jvYCJ+DxMTfZVqg3AX0R1khg1wHTBRD5SdcibSJ+XF6bFg==}
    engines: {node: '>=12'}
    cpu: [x64]
    os: [win32]
    requiresBuild: true
    dev: false
    optional: true

  /@jridgewell/resolve-uri@3.1.1:
    resolution: {integrity: sha512-dSYZh7HhCDtCKm4QakX0xFpsRDqjjtZf/kjI/v3T3Nwt5r8/qz/M19F9ySyOqU94SXBmeG9ttTul+YnR4LOxFA==}
    engines: {node: '>=6.0.0'}
    dev: false

  /@jridgewell/sourcemap-codec@1.4.15:
    resolution: {integrity: sha512-eF2rxCRulEKXHTRiDrDy6erMYWqNw4LPdQ8UQA4huuxaQsVeRPFl2oM8oDGxMFhJUWZf9McpLtJasDDZb/Bpeg==}
    dev: false

  /@jridgewell/trace-mapping@0.3.9:
    resolution: {integrity: sha512-3Belt6tdc8bPgAtbcmdtNJlirVoTmEb5e2gC94PnkwEW9jI6CAHUeoG85tjWP5WquqfavoMtMwiG4P926ZKKuQ==}
    dependencies:
      '@jridgewell/resolve-uri': 3.1.1
      '@jridgewell/sourcemap-codec': 1.4.15
    dev: false

  /@nodelib/fs.scandir@2.1.5:
    resolution: {integrity: sha512-vq24Bq3ym5HEQm2NKCr3yXDwjc7vTsEThRDnkp2DK9p1uqLR+DHurm/NOTo0KG7HYHU7eppKZj3MyqYuMBf62g==}
    engines: {node: '>= 8'}
    dependencies:
      '@nodelib/fs.stat': 2.0.5
      run-parallel: 1.2.0
    dev: false

  /@nodelib/fs.stat@2.0.5:
    resolution: {integrity: sha512-RkhPPp2zrqDAQA/2jNhnztcPAlv64XdhIp7a7454A5ovI7Bukxgt7MX7udwAu3zg1DcpPU0rz3VV1SeaqvY4+A==}
    engines: {node: '>= 8'}
    dev: false

  /@nodelib/fs.walk@1.2.8:
    resolution: {integrity: sha512-oGB+UxlgWcgQkgwo8GcEGwemoTFt3FIO9ababBmaGwXIoBKZ+GTy0pP185beGg7Llih/NSHSV2XAs1lnznocSg==}
    engines: {node: '>= 8'}
    dependencies:
      '@nodelib/fs.scandir': 2.1.5
      fastq: 1.15.0
    dev: false

  /@polka/url@1.0.0-next.21:
    resolution: {integrity: sha512-a5Sab1C4/icpTZVzZc5Ghpz88yQtGOyNqYXcZgOssB2uuAr+wF/MvN6bgtW32q7HHrvBki+BsZ0OuNv6EV3K9g==}
    dev: false

  /@swc/core-darwin-arm64@1.3.53:
    resolution: {integrity: sha512-JvWwV/duzdQ60iwWYceDhDk75LmdrLoPC7myX3Src3gl/bJtETMq7uHS9uY8m0GQOqbct7XGR3q5Ff21YxkSzg==}
    engines: {node: '>=10'}
    cpu: [arm64]
    os: [darwin]
    requiresBuild: true
    dev: false
    optional: true

  /@swc/core-darwin-x64@1.3.53:
    resolution: {integrity: sha512-UuIGZtCfUPJM2Q01bRIFzmucOMg8UZ+mY3kh5xB8kl/VrLltBlraSWGjjJzYmUeUxiF8+CtMfeSYav5QfU2v3g==}
    engines: {node: '>=10'}
    cpu: [x64]
    os: [darwin]
    requiresBuild: true
    dev: false
    optional: true

  /@swc/core-linux-arm-gnueabihf@1.3.53:
    resolution: {integrity: sha512-LupAjTErteyLmowYIfiQeTz3uVh7/SPYv/EuG1PYrajNoUYomt7WA0rQUoyglF9VtwVyNqxptWEO5So32ApTHA==}
    engines: {node: '>=10'}
    cpu: [arm]
    os: [linux]
    requiresBuild: true
    dev: false
    optional: true

  /@swc/core-linux-arm64-gnu@1.3.53:
    resolution: {integrity: sha512-kREfZdiJH/O8GtJJ22wVN9DVzz/+CPAkw5Mn5te2KQg0xJHMWaESU5XeYMWvtwyOQVmb31b6zCGFy3pnBWWfGw==}
    engines: {node: '>=10'}
    cpu: [arm64]
    os: [linux]
    requiresBuild: true
    dev: false
    optional: true

  /@swc/core-linux-arm64-musl@1.3.53:
    resolution: {integrity: sha512-VeAgomBr6BVuBRjZjRHmvp5gKp1nZgbbd441ca1AvsPd2c+ZyhyHLxTWeHOzBDa/vYnmi9BCwx3QJzFqbAFPVw==}
    engines: {node: '>=10'}
    cpu: [arm64]
    os: [linux]
    requiresBuild: true
    dev: false
    optional: true

  /@swc/core-linux-x64-gnu@1.3.53:
    resolution: {integrity: sha512-LFX5+QpQkESPkmx860C40pIiYf1utEqoA+WDtmKnUz3DucYvw3eGlXCBdyklP7UBWwJktKIcPlIqr7yROY5VlQ==}
    engines: {node: '>=10'}
    cpu: [x64]
    os: [linux]
    requiresBuild: true
    dev: false
    optional: true

  /@swc/core-linux-x64-musl@1.3.53:
    resolution: {integrity: sha512-O0lbJgeaM0VEsG8wFYvpF+Iuf0IENv+LnXHoygkAsv67sVW54+gFxav2sEdkftD5qYe9ku4tmtTVYRZlFgC84Q==}
    engines: {node: '>=10'}
    cpu: [x64]
    os: [linux]
    requiresBuild: true
    dev: false
    optional: true

  /@swc/core-win32-arm64-msvc@1.3.53:
    resolution: {integrity: sha512-7PgvPl0aNLaFZSK+rIi4DB1g0aW2qOsTIJQSJGRszsCP8pze/traXymyuSG2I3y9Hx7Z+bP5ycJydyAgCw88WA==}
    engines: {node: '>=10'}
    cpu: [arm64]
    os: [win32]
    requiresBuild: true
    dev: false
    optional: true

  /@swc/core-win32-ia32-msvc@1.3.53:
    resolution: {integrity: sha512-T+OacGm69t8+1mt1sHlwhREiFiFgSeIGL3h11FIs8o2zKnOr5z2H9myzR432X8WuHGVQAOCMvDu53LCMBD0ZzQ==}
    engines: {node: '>=10'}
    cpu: [ia32]
    os: [win32]
    requiresBuild: true
    dev: false
    optional: true

  /@swc/core-win32-x64-msvc@1.3.53:
    resolution: {integrity: sha512-uV1/GhROJ/SXzj+f+kKcVtR2GuAiggvbqepzZS46+G47okf6229hr2T1fjmiwYyA75w9R3Bj/wil4UhodohOLg==}
    engines: {node: '>=10'}
    cpu: [x64]
    os: [win32]
    requiresBuild: true
    dev: false
    optional: true

  /@swc/core@1.3.53:
    resolution: {integrity: sha512-OM5nCfKDZXr1HjxD072Jlx5463tPX7xeY7NDSRE3X4KFlkRDFdyMWAyV3pet1oouOfUNrzzoVTAR4XSU8ytO6Q==}
    engines: {node: '>=10'}
    requiresBuild: true
    peerDependencies:
      '@swc/helpers': ^0.5.0
    peerDependenciesMeta:
      '@swc/helpers':
        optional: true
    optionalDependencies:
      '@swc/core-darwin-arm64': 1.3.53
      '@swc/core-darwin-x64': 1.3.53
      '@swc/core-linux-arm-gnueabihf': 1.3.53
      '@swc/core-linux-arm64-gnu': 1.3.53
      '@swc/core-linux-arm64-musl': 1.3.53
      '@swc/core-linux-x64-gnu': 1.3.53
      '@swc/core-linux-x64-musl': 1.3.53
      '@swc/core-win32-arm64-msvc': 1.3.53
      '@swc/core-win32-ia32-msvc': 1.3.53
      '@swc/core-win32-x64-msvc': 1.3.53
    dev: false

  /@tanstack/match-sorter-utils@8.8.4:
    resolution: {integrity: sha512-rKH8LjZiszWEvmi01NR72QWZ8m4xmXre0OOwlRGnjU01Eqz/QnN+cqpty2PJ0efHblq09+KilvyR7lsbzmXVEw==}
    engines: {node: '>=12'}
    dependencies:
      remove-accents: 0.4.2
    dev: false

  /@tanstack/query-core@4.29.1:
    resolution: {integrity: sha512-vkPewLEG8ua0efo3SsVT0BcBtkq5RZX8oPhDAyKL+k/rdOYSQTEocfGEXSaBwIwsXeOGBUpfKqI+UmHvNqdWXg==}
    dev: false

  /@tanstack/react-query-devtools@4.29.3(@tanstack/react-query@4.29.3)(react-dom@18.2.0)(react@18.2.0):
    resolution: {integrity: sha512-Ne/K9+gskn8zM4sbLWl4mq5x0ha0JIg7I078K+t6seorL6oq9Y9E30wlP4y/IVa9hgn8DHB1Q6GoPtA2iu6p2g==}
    peerDependencies:
      '@tanstack/react-query': 4.29.3
      react: ^16.8.0 || ^17.0.0 || ^18.0.0
      react-dom: ^16.8.0 || ^17.0.0 || ^18.0.0
    dependencies:
      '@tanstack/match-sorter-utils': 8.8.4
      '@tanstack/react-query': 4.29.3(react-dom@18.2.0)(react@18.2.0)
      react: 18.2.0
      react-dom: 18.2.0(react@18.2.0)
      superjson: 1.12.3
      use-sync-external-store: 1.2.0(react@18.2.0)
    dev: false

  /@tanstack/react-query@4.29.3(react-dom@18.2.0)(react@18.2.0):
    resolution: {integrity: sha512-FPQrMu7PbCgBcVzoRJm7WmQnAFv+LUgZM9KBZ7Vk/+yERH2BDLvQRuAgczQd5Tb1s3HbOktECRDaOkUxdyBAjw==}
    peerDependencies:
      react: ^16.8.0 || ^17.0.0 || ^18.0.0
      react-dom: ^16.8.0 || ^17.0.0 || ^18.0.0
      react-native: '*'
    peerDependenciesMeta:
      react-dom:
        optional: true
      react-native:
        optional: true
    dependencies:
      '@tanstack/query-core': 4.29.1
      react: 18.2.0
      react-dom: 18.2.0(react@18.2.0)
      use-sync-external-store: 1.2.0(react@18.2.0)
    dev: false

  /@tsconfig/node10@1.0.9:
    resolution: {integrity: sha512-jNsYVVxU8v5g43Erja32laIDHXeoNvFEpX33OK4d6hljo3jDhCBDhx5dhCCTMWUojscpAagGiRkBKxpdl9fxqA==}
    dev: false

  /@tsconfig/node12@1.0.11:
    resolution: {integrity: sha512-cqefuRsh12pWyGsIoBKJA9luFu3mRxCA+ORZvA4ktLSzIuCUtWVxGIuXigEwO5/ywWFMZ2QEGKWvkZG1zDMTag==}
    dev: false

  /@tsconfig/node14@1.0.3:
    resolution: {integrity: sha512-ysT8mhdixWK6Hw3i1V2AeRqZ5WfXg1G43mqoYlM2nc6388Fq5jcXyr5mRsqViLx/GJYdoL0bfXD8nmF+Zn/Iow==}
    dev: false

  /@tsconfig/node16@1.0.3:
    resolution: {integrity: sha512-yOlFc+7UtL/89t2ZhjPvvB/DeAr3r+Dq58IgzsFkOAvVC6NMJXmCGjbptdXdR9qsX7pKcTL+s87FtYREi2dEEQ==}
    dev: false

  /@types/body-parser@1.19.2:
    resolution: {integrity: sha512-ALYone6pm6QmwZoAgeyNksccT9Q4AWZQ6PvfwR37GT6r6FWUPguq6sUmNGSMV2Wr761oQoBxwGGa6DR5o1DC9g==}
    dependencies:
      '@types/connect': 3.4.35
      '@types/node': 18.19.19
    dev: false

  /@types/compression@1.7.2:
    resolution: {integrity: sha512-lwEL4M/uAGWngWFLSG87ZDr2kLrbuR8p7X+QZB1OQlT+qkHsCPDVFnHPyXf4Vyl4yDDorNY+mAhosxkCvppatg==}
    dependencies:
      '@types/express': 4.17.17
    dev: false

  /@types/connect@3.4.35:
    resolution: {integrity: sha512-cdeYyv4KWoEgpBISTxWvqYsVy444DOqehiF3fM3ne10AmJ62RSyNkUnxMJXHQWRQQX2eR94m5y1IZyDwBjV9FQ==}
    dependencies:
      '@types/node': 18.19.19
    dev: false

  /@types/express-serve-static-core@4.17.33:
    resolution: {integrity: sha512-TPBqmR/HRYI3eC2E5hmiivIzv+bidAfXofM+sbonAGvyDhySGw9/PQZFt2BLOrjUUR++4eJVpx6KnLQK1Fk9tA==}
    dependencies:
      '@types/node': 18.19.19
      '@types/qs': 6.9.7
      '@types/range-parser': 1.2.4
    dev: false

  /@types/express@4.17.17:
    resolution: {integrity: sha512-Q4FmmuLGBG58btUnfS1c1r/NQdlp3DMfGDGig8WhfpA2YRUtEkxAjkZb0yvplJGYdF1fsQ81iMDcH24sSCNC/Q==}
    dependencies:
      '@types/body-parser': 1.19.2
      '@types/express-serve-static-core': 4.17.33
      '@types/qs': 6.9.7
      '@types/serve-static': 1.15.1
    dev: false

  /@types/mime@3.0.1:
    resolution: {integrity: sha512-Y4XFY5VJAuw0FgAqPNd6NNoV44jbq9Bz2L7Rh/J6jLTiHBSBJa9fxqQIvkIld4GsoDOcCbvzOUAbLPsSKKg+uA==}
    dev: false

  /@types/node@18.19.19:
    resolution: {integrity: sha512-qqV6hSy9zACEhQUy5CEGeuXAZN0fNjqLWRIvOXOwdFYhFoKBiY08VKR5kgchr90+TitLVhpUEb54hk4bYaArUw==}
    dependencies:
      undici-types: 5.26.5
    dev: false

  /@types/prop-types@15.7.5:
    resolution: {integrity: sha512-JCB8C6SnDoQf0cNycqd/35A7MjcnK+ZTqE7judS6o7utxUCg6imJg3QK2qzHKszlTjcj2cn+NwMB2i96ubpj7w==}
    dev: false

  /@types/qs@6.9.7:
    resolution: {integrity: sha512-FGa1F62FT09qcrueBA6qYTrJPVDzah9a+493+o2PCXsesWHIn27G98TsSMs3WPNbZIEj4+VJf6saSFpvD+3Zsw==}
    dev: false

  /@types/range-parser@1.2.4:
    resolution: {integrity: sha512-EEhsLsD6UsDM1yFhAvy0Cjr6VwmpMWqFBCb9w07wVugF7w9nfajxLuVmngTIpgS6svCnm6Vaw+MZhoDCKnOfsw==}
    dev: false

  /@types/react-dom@18.0.11:
    resolution: {integrity: sha512-O38bPbI2CWtgw/OoQoY+BRelw7uysmXbWvw3nLWO21H1HSh+GOlqPuXshJfjmpNlKiiSDG9cc1JZAaMmVdcTlw==}
    dependencies:
      '@types/react': 18.0.37
    dev: false

  /@types/react@18.0.37:
    resolution: {integrity: sha512-4yaZZtkRN3ZIQD3KSEwkfcik8s0SWV+82dlJot1AbGYHCzJkWP3ENBY6wYeDRmKZ6HkrgoGAmR2HqdwYGp6OEw==}
    dependencies:
      '@types/prop-types': 15.7.5
      '@types/scheduler': 0.16.3
      csstype: 3.1.2
    dev: false

  /@types/scheduler@0.16.3:
    resolution: {integrity: sha512-5cJ8CB4yAx7BH1oMvdU0Jh9lrEXyPkar6F9G/ERswkCuvP4KQZfZkSjcMbAICCpQTN4OuZn8tz0HiKv9TGZgrQ==}
    dev: false

  /@types/serve-static@1.15.1:
    resolution: {integrity: sha512-NUo5XNiAdULrJENtJXZZ3fHtfMolzZwczzBbnAeBbqBwG+LaG6YaJtuwzwGSQZ2wsCrxjEhNNjAkKigy3n8teQ==}
    dependencies:
      '@types/mime': 3.0.1
      '@types/node': 18.19.19
    dev: false

  /@vitejs/plugin-react-swc@3.3.0(vite@4.3.1):
    resolution: {integrity: sha512-Ycg+n2eyCOTpn/wRy+evVo859+hw7qCj9iaX5CMny6x1fx1Uoq0xBG+a98lFtwLNGfGEnpI0F26YigRuxCRkwg==}
    peerDependencies:
      vite: ^4
    dependencies:
      '@swc/core': 1.3.53
      vite: 4.3.1(@types/node@18.19.19)
    transitivePeerDependencies:
      - '@swc/helpers'
    dev: false

  /accepts@1.3.8:
    resolution: {integrity: sha512-PYAthTa2m2VKxuvSD3DPC/Gy+U+sOA1LAuT8mkmRuvw+NACSaeXEQ+NHcVF7rONl6qcaxV3Uuemwawk+7+SJLw==}
    engines: {node: '>= 0.6'}
    dependencies:
      mime-types: 2.1.35
      negotiator: 0.6.3
    dev: false

  /acorn-walk@8.2.0:
    resolution: {integrity: sha512-k+iyHEuPgSw6SbuDpGQM+06HQUa04DZ3o+F6CSzXMvvI5KMvnaEqXe+YVe555R9nn6GPt404fos4wcgpw12SDA==}
    engines: {node: '>=0.4.0'}
    dev: false

  /acorn@8.8.2:
    resolution: {integrity: sha512-xjIYgE8HBrkpd/sJqOGNspf8uHG+NOHGOw6a/Urj8taM2EXfdNAH2oFcPeIFfsv3+kz/mJrS5VuMqbNLjCa2vw==}
    engines: {node: '>=0.4.0'}
    hasBin: true
    dev: false

  /arg@4.1.3:
    resolution: {integrity: sha512-58S9QDqG0Xx27YwPSt9fJxivjYl432YCwfDMfZ+71RAqUrZef7LrKQZ3LHLOwCS4FLNBplP533Zx895SeOCHvA==}
    dev: false

  /array-flatten@1.1.1:
    resolution: {integrity: sha512-PCVAQswWemu6UdxsDFFX/+gVeYqKAod3D3UVm91jHwynguOwAvYPhx8nNlM++NqRcK6CxxpUafjmhIdKiHibqg==}
    dev: false

  /body-parser@1.20.1:
    resolution: {integrity: sha512-jWi7abTbYwajOytWCQc37VulmWiRae5RyTpaCyDcS5/lMdtwSz5lOpDE67srw/HYe35f1z3fDQw+3txg7gNtWw==}
    engines: {node: '>= 0.8', npm: 1.2.8000 || >= 1.4.16}
    dependencies:
      bytes: 3.1.2
      content-type: 1.0.5
      debug: 2.6.9
      depd: 2.0.0
      destroy: 1.2.0
      http-errors: 2.0.0
      iconv-lite: 0.4.24
      on-finished: 2.4.1
      qs: 6.11.0
      raw-body: 2.5.1
      type-is: 1.6.18
      unpipe: 1.0.0
    transitivePeerDependencies:
      - supports-color
    dev: false

  /braces@3.0.2:
    resolution: {integrity: sha512-b8um+L1RzM3WDSzvhm6gIz1yfTbBt6YTlcEKAvsmqCZZFw46z626lVj9j1yEPW33H5H+lBQpZMP1k8l+78Ha0A==}
    engines: {node: '>=8'}
    dependencies:
      fill-range: 7.0.1
    dev: false

  /bytes@3.0.0:
    resolution: {integrity: sha512-pMhOfFDPiv9t5jjIXkHosWmkSyQbvsgEVNkz0ERHbuLh2T/7j4Mqqpz523Fe8MVY89KC6Sh/QfS2sM+SjgFDcw==}
    engines: {node: '>= 0.8'}
    dev: false

  /bytes@3.1.2:
    resolution: {integrity: sha512-/Nf7TyzTx6S3yRJObOAV7956r8cr2+Oj8AC5dt8wSP3BQAoeX58NoHyCU8P8zGkNXStjTSi6fzO6F0pBdcYbEg==}
    engines: {node: '>= 0.8'}
    dev: false

  /cac@6.7.14:
    resolution: {integrity: sha512-b6Ilus+c3RrdDk+JhLKUAQfzzgLEPy6wcXqS7f/xe1EETvsDP6GORG7SFuOs6cID5YkqchW/LXZbX5bc8j7ZcQ==}
    engines: {node: '>=8'}
    dev: false

  /call-bind@1.0.2:
    resolution: {integrity: sha512-7O+FbCihrB5WGbFYesctwmTKae6rOiIzmz1icreWJ+0aA7LJfuqhEso2T9ncpcFtzMQtzXf2QGGueWJGTYsqrA==}
    dependencies:
      function-bind: 1.1.1
      get-intrinsic: 1.2.0
    dev: false

  /compressible@2.0.18:
    resolution: {integrity: sha512-AF3r7P5dWxL8MxyITRMlORQNaOA2IkAFaTr4k7BUumjPtRpGDTZpl0Pb1XCO6JeDCBdp126Cgs9sMxqSjgYyRg==}
    engines: {node: '>= 0.6'}
    dependencies:
      mime-db: 1.52.0
    dev: false

  /compression@1.7.4:
    resolution: {integrity: sha512-jaSIDzP9pZVS4ZfQ+TzvtiWhdpFhE2RDHz8QJkpX9SIpLq88VueF5jJw6t+6CUQcAoA6t+x89MLrWAqpfDE8iQ==}
    engines: {node: '>= 0.8.0'}
    dependencies:
      accepts: 1.3.8
      bytes: 3.0.0
      compressible: 2.0.18
      debug: 2.6.9
      on-headers: 1.0.2
      safe-buffer: 5.1.2
      vary: 1.1.2
    transitivePeerDependencies:
      - supports-color
    dev: false

  /content-disposition@0.5.4:
    resolution: {integrity: sha512-FveZTNuGw04cxlAiWbzi6zTAL/lhehaWbTtgluJh4/E95DqMwTmha3KZN1aAWA8cFIhHzMZUvLevkw5Rqk+tSQ==}
    engines: {node: '>= 0.6'}
    dependencies:
      safe-buffer: 5.2.1
    dev: false

  /content-type@1.0.5:
    resolution: {integrity: sha512-nTjqfcBFEipKdXCv4YDQWCfmcLZKm81ldF0pAopTvyrFGVbcR6P/VAAd5G7N+0tTr8QqiU0tFadD6FK4NtJwOA==}
    engines: {node: '>= 0.6'}
    dev: false

  /cookie-signature@1.0.6:
    resolution: {integrity: sha512-QADzlaHc8icV8I7vbaJXJwod9HWYp8uCqf1xa4OfNu1T7JVxQIrUgOWtHdNDtPiywmFbiS12VjotIXLrKM3orQ==}
    dev: false

  /cookie@0.5.0:
    resolution: {integrity: sha512-YZ3GUyn/o8gfKJlnlX7g7xq4gyO6OSuhGPKaaGssGB2qgDUS0gPgtTvoyZLTt9Ab6dC4hfc9dV5arkvc/OCmrw==}
    engines: {node: '>= 0.6'}
    dev: false

  /copy-anything@3.0.3:
    resolution: {integrity: sha512-fpW2W/BqEzqPp29QS+MwwfisHCQZtiduTe/m8idFo0xbti9fIZ2WVhAsCv4ggFVH3AgCkVdpoOCtQC6gBrdhjw==}
    engines: {node: '>=12.13'}
    dependencies:
      is-what: 4.1.8
    dev: false

  /create-require@1.1.1:
    resolution: {integrity: sha512-dcKFX3jn0MpIaXjisoRvexIJVEKzaq7z2rZKxf+MSr9TkdmHmsU4m2lcLojrj/FHl8mk5VxMmYA+ftRkP/3oKQ==}
    dev: false

  /cross-env@7.0.3:
    resolution: {integrity: sha512-+/HKd6EgcQCJGh2PSjZuUitQBQynKor4wrFbRg4DtAgS1aWO+gU52xpH7M9ScGgXSYmAVS9bIJ8EzuaGw0oNAw==}
    engines: {node: '>=10.14', npm: '>=6', yarn: '>=1'}
    hasBin: true
    dependencies:
      cross-spawn: 7.0.3
    dev: false

  /cross-spawn@7.0.3:
    resolution: {integrity: sha512-iRDPJKUPVEND7dHPO8rkbOnPpyDygcDFtWjpeWNCgy8WP2rXcxXL8TskReQl6OrB2G7+UJrags1q15Fudc7G6w==}
    engines: {node: '>= 8'}
    dependencies:
      path-key: 3.1.1
      shebang-command: 2.0.0
      which: 2.0.2
    dev: false

  /csstype@3.1.2:
    resolution: {integrity: sha512-I7K1Uu0MBPzaFKg4nI5Q7Vs2t+3gWWW648spaF+Rg7pI9ds18Ugn+lvg4SHczUdKlHI5LWBXyqfS8+DufyBsgQ==}
    dev: false

  /debug@2.6.9:
    resolution: {integrity: sha512-bC7ElrdJaJnPbAP+1EotYvqZsb3ecl5wi6Bfi6BJTUcNowp6cvspg0jXznRTKDjm/E7AdgFBVeAPVMNcKGsHMA==}
    peerDependencies:
      supports-color: '*'
    peerDependenciesMeta:
      supports-color:
        optional: true
    dependencies:
      ms: 2.0.0
    dev: false

  /depd@2.0.0:
    resolution: {integrity: sha512-g7nH6P6dyDioJogAAGprGpCtVImJhpPk/roCzdb3fIh61/s/nPsfR6onyMwkCAR/OlC3yBC0lESvUoQEAssIrw==}
    engines: {node: '>= 0.8'}
    dev: false

  /destroy@1.2.0:
    resolution: {integrity: sha512-2sJGJTaXIIaR1w4iJSNoN0hnMY7Gpc/n8D4qSCJw8QqFWXf7cuAgnEHxBpweaVcPevC2l3KpjYCx3NypQQgaJg==}
    engines: {node: '>= 0.8', npm: 1.2.8000 || >= 1.4.16}
    dev: false

  /diff@4.0.2:
    resolution: {integrity: sha512-58lmxKSA4BNyLz+HHMUzlOEpg09FV+ev6ZMe3vJihgdxzgcwZ8VoEEPmALCZG9LmqfVoNMMKpttIYTVG6uDY7A==}
    engines: {node: '>=0.3.1'}
    dev: false

  /ee-first@1.1.1:
    resolution: {integrity: sha512-WMwm9LhRUo+WUaRN+vRuETqG89IgZphVSNkdFgeb6sS/E4OrDIN7t48CAewSHXc6C8lefD8KKfr5vY61brQlow==}
    dev: false

  /encodeurl@1.0.2:
    resolution: {integrity: sha512-TPJXq8JqFaVYm2CWmPvnP2Iyo4ZSM7/QKcSmuMLDObfpH5fi7RUGmd/rTDf+rut/saiDiQEeVTNgAmJEdAOx0w==}
    engines: {node: '>= 0.8'}
    dev: false

  /es-module-lexer@0.10.5:
    resolution: {integrity: sha512-+7IwY/kiGAacQfY+YBhKMvEmyAJnw5grTUgjG85Pe7vcUI/6b7pZjZG8nQ7+48YhzEAEqrEgD2dCz/JIK+AYvw==}
    dev: false

  /esbuild@0.17.17:
    resolution: {integrity: sha512-/jUywtAymR8jR4qsa2RujlAF7Krpt5VWi72Q2yuLD4e/hvtNcFQ0I1j8m/bxq238pf3/0KO5yuXNpuLx8BE1KA==}
    engines: {node: '>=12'}
    hasBin: true
    requiresBuild: true
    optionalDependencies:
      '@esbuild/android-arm': 0.17.17
      '@esbuild/android-arm64': 0.17.17
      '@esbuild/android-x64': 0.17.17
      '@esbuild/darwin-arm64': 0.17.17
      '@esbuild/darwin-x64': 0.17.17
      '@esbuild/freebsd-arm64': 0.17.17
      '@esbuild/freebsd-x64': 0.17.17
      '@esbuild/linux-arm': 0.17.17
      '@esbuild/linux-arm64': 0.17.17
      '@esbuild/linux-ia32': 0.17.17
      '@esbuild/linux-loong64': 0.17.17
      '@esbuild/linux-mips64el': 0.17.17
      '@esbuild/linux-ppc64': 0.17.17
      '@esbuild/linux-riscv64': 0.17.17
      '@esbuild/linux-s390x': 0.17.17
      '@esbuild/linux-x64': 0.17.17
      '@esbuild/netbsd-x64': 0.17.17
      '@esbuild/openbsd-x64': 0.17.17
      '@esbuild/sunos-x64': 0.17.17
      '@esbuild/win32-arm64': 0.17.17
      '@esbuild/win32-ia32': 0.17.17
      '@esbuild/win32-x64': 0.17.17
    dev: false

  /escape-html@1.0.3:
    resolution: {integrity: sha512-NiSupZ4OeuGwr68lGIeym/ksIZMJodUGOSCZ/FSnTxcrekbvqrgdUxlJOMpijaKZVjAJrWrGs/6Jy8OMuyj9ow==}
    dev: false

  /etag@1.8.1:
    resolution: {integrity: sha512-aIL5Fx7mawVa300al2BnEE4iNvo1qETxLrPI/o05L7z6go7fCw1J6EQmbK4FmJ2AS7kgVF/KEZWufBfdClMcPg==}
    engines: {node: '>= 0.6'}
    dev: false

  /express@4.18.2:
    resolution: {integrity: sha512-5/PsL6iGPdfQ/lKM1UuielYgv3BUoJfz1aUwU9vHZ+J7gyvwdQXFEBIEIaxeGf0GIcreATNyBExtalisDbuMqQ==}
    engines: {node: '>= 0.10.0'}
    dependencies:
      accepts: 1.3.8
      array-flatten: 1.1.1
      body-parser: 1.20.1
      content-disposition: 0.5.4
      content-type: 1.0.5
      cookie: 0.5.0
      cookie-signature: 1.0.6
      debug: 2.6.9
      depd: 2.0.0
      encodeurl: 1.0.2
      escape-html: 1.0.3
      etag: 1.8.1
      finalhandler: 1.2.0
      fresh: 0.5.2
      http-errors: 2.0.0
      merge-descriptors: 1.0.1
      methods: 1.1.2
      on-finished: 2.4.1
      parseurl: 1.3.3
      path-to-regexp: 0.1.7
      proxy-addr: 2.0.7
      qs: 6.11.0
      range-parser: 1.2.1
      safe-buffer: 5.2.1
      send: 0.18.0
      serve-static: 1.15.0
      setprototypeof: 1.2.0
      statuses: 2.0.1
      type-is: 1.6.18
      utils-merge: 1.0.1
      vary: 1.1.2
    transitivePeerDependencies:
      - supports-color
    dev: false

  /fast-glob@3.2.12:
    resolution: {integrity: sha512-DVj4CQIYYow0BlaelwK1pHl5n5cRSJfM60UA0zK891sVInoPri2Ekj7+e1CT3/3qxXenpI+nBBmQAcJPJgaj4w==}
    engines: {node: '>=8.6.0'}
    dependencies:
      '@nodelib/fs.stat': 2.0.5
      '@nodelib/fs.walk': 1.2.8
      glob-parent: 5.1.2
      merge2: 1.4.1
      micromatch: 4.0.5
    dev: false

  /fastq@1.15.0:
    resolution: {integrity: sha512-wBrocU2LCXXa+lWBt8RoIRD89Fi8OdABODa/kEnyeyjS5aZO5/GNvI5sEINADqP/h8M29UHTHUb53sUu5Ihqdw==}
    dependencies:
      reusify: 1.0.4
    dev: false

  /fill-range@7.0.1:
    resolution: {integrity: sha512-qOo9F+dMUmC2Lcb4BbVvnKJxTPjCm+RRpe4gDuGrzkL7mEVl/djYSu2OdQ2Pa302N4oqkSg9ir6jaLWJ2USVpQ==}
    engines: {node: '>=8'}
    dependencies:
      to-regex-range: 5.0.1
    dev: false

  /finalhandler@1.2.0:
    resolution: {integrity: sha512-5uXcUVftlQMFnWC9qu/svkWv3GTd2PfUhK/3PLkYNAe7FbqJMt3515HaxE6eRL74GdsriiwujiawdaB1BpEISg==}
    engines: {node: '>= 0.8'}
    dependencies:
      debug: 2.6.9
      encodeurl: 1.0.2
      escape-html: 1.0.3
      on-finished: 2.4.1
      parseurl: 1.3.3
      statuses: 2.0.1
      unpipe: 1.0.0
    transitivePeerDependencies:
      - supports-color
    dev: false

  /forwarded@0.2.0:
    resolution: {integrity: sha512-buRG0fpBtRHSTCOASe6hD258tEubFoRLb4ZNA6NxMVHNw2gOcwHo9wyablzMzOA5z9xA9L1KNjk/Nt6MT9aYow==}
    engines: {node: '>= 0.6'}
    dev: false

  /fresh@0.5.2:
    resolution: {integrity: sha512-zJ2mQYM18rEFOudeV4GShTGIQ7RbzA7ozbU9I/XBpm7kqgMywgmylMwXHxZJmkVoYkna9d2pVXVXPdYTP9ej8Q==}
    engines: {node: '>= 0.6'}
    dev: false

  /fsevents@2.3.3:
    resolution: {integrity: sha512-5xoDfX+fL7faATnagmWPpbFtwh/R77WmMMqqHGS65C3vvB0YHrgF+B1YmZ3441tMj5n63k0212XNoJwzlhffQw==}
    engines: {node: ^8.16.0 || ^10.6.0 || >=11.0.0}
    os: [darwin]
    requiresBuild: true
    dev: false
    optional: true

  /function-bind@1.1.1:
    resolution: {integrity: sha512-yIovAzMX49sF8Yl58fSCWJ5svSLuaibPxXQJFLmBObTuCr0Mf1KiPopGM9NiFjiYBCbfaa2Fh6breQ6ANVTI0A==}
    dev: false

  /get-intrinsic@1.2.0:
    resolution: {integrity: sha512-L049y6nFOuom5wGyRc3/gdTLO94dySVKRACj1RmJZBQXlbTMhtNIgkWkUHq+jYmZvKf14EW1EoJnnjbmoHij0Q==}
    dependencies:
      function-bind: 1.1.1
      has: 1.0.3
      has-symbols: 1.0.3
    dev: false

  /glob-parent@5.1.2:
    resolution: {integrity: sha512-AOIgSQCepiJYwP3ARnGx+5VnTu2HBYdzbGP45eLw1vr3zB3vZLeyed1sC9hnbcOc9/SrMyM5RPQrkGz4aS9Zow==}
    engines: {node: '>= 6'}
    dependencies:
      is-glob: 4.0.3
    dev: false

  /has-symbols@1.0.3:
    resolution: {integrity: sha512-l3LCuF6MgDNwTDKkdYGEihYjt5pRPbEg46rtlmnSPlUbgmB8LOIrKJbYYFBSbnPaJexMKtiPO8hmeRjRz2Td+A==}
    engines: {node: '>= 0.4'}
    dev: false

  /has@1.0.3:
    resolution: {integrity: sha512-f2dvO0VU6Oej7RkWJGrehjbzMAjFp5/VKPp5tTpWIV4JHHZK1/BxbFRtf/siA2SWTe09caDmVtYYzWEIbBS4zw==}
    engines: {node: '>= 0.4.0'}
    dependencies:
      function-bind: 1.1.1
    dev: false

  /http-errors@2.0.0:
    resolution: {integrity: sha512-FtwrG/euBzaEjYeRqOgly7G0qviiXoJWnvEH2Z1plBdXgbyjv34pHTSb9zoeHMyDy33+DWy5Wt9Wo+TURtOYSQ==}
    engines: {node: '>= 0.8'}
    dependencies:
      depd: 2.0.0
      inherits: 2.0.4
      setprototypeof: 1.2.0
      statuses: 2.0.1
      toidentifier: 1.0.1
    dev: false

  /iconv-lite@0.4.24:
    resolution: {integrity: sha512-v3MXnZAcvnywkTUEZomIActle7RXXeedOR31wwl7VlyoXO4Qi9arvSenNQWne1TcRwhCL1HwLI21bEqdpj8/rA==}
    engines: {node: '>=0.10.0'}
    dependencies:
      safer-buffer: 2.1.2
    dev: false

  /inherits@2.0.4:
    resolution: {integrity: sha512-k/vGaX4/Yla3WzyMCvTQOXYeIHvqOKtnqBduzTHpzpQZzAskKMhZ2K+EnBiSM9zGSoIFeMpXKxa4dYeZIQqewQ==}
    dev: false

  /ipaddr.js@1.9.1:
    resolution: {integrity: sha512-0KI/607xoxSToH7GjN1FfSbLoU0+btTicjsQSWQlh/hZykN8KpmMf7uYwPW3R+akZ6R/w18ZlXSHBYXiYUPO3g==}
    engines: {node: '>= 0.10'}
    dev: false

  /is-extglob@2.1.1:
    resolution: {integrity: sha512-SbKbANkN603Vi4jEZv49LeVJMn4yGwsbzZworEoyEiutsN3nJYdbO36zfhGJ6QEDpOZIFkDtnq5JRxmvl3jsoQ==}
    engines: {node: '>=0.10.0'}
    dev: false

  /is-glob@4.0.3:
    resolution: {integrity: sha512-xelSayHH36ZgE7ZWhli7pW34hNbNl8Ojv5KVmkJD4hBdD3th8Tfk9vYasLM+mXWOZhFkgZfxhLSnrwRr4elSSg==}
    engines: {node: '>=0.10.0'}
    dependencies:
      is-extglob: 2.1.1
    dev: false

  /is-number@7.0.0:
    resolution: {integrity: sha512-41Cifkg6e8TylSpdtTpeLVMqvSBEVzTttHvERD741+pnZ8ANv0004MRL43QKPDlK9cGvNp6NZWZUBlbGXYxxng==}
    engines: {node: '>=0.12.0'}
    dev: false

  /is-what@4.1.8:
    resolution: {integrity: sha512-yq8gMao5upkPoGEU9LsB2P+K3Kt8Q3fQFCGyNCWOAnJAMzEXVV9drYb0TXr42TTliLLhKIBvulgAXgtLLnwzGA==}
    engines: {node: '>=12.13'}
    dev: false

  /isexe@2.0.0:
    resolution: {integrity: sha512-RHxMLp9lnKHGHRng9QFhRCMbYAcVpn69smSGcq3f36xjgVVWThj4qqLbTLlq7Ssj8B+fIQ1EuCEGI2lKsyQeIw==}
    dev: false

  /js-tokens@4.0.0:
    resolution: {integrity: sha512-RdJUflcE3cUzKiMqQgsCu06FPu9UdIJO0beYbPhHN4k6apgJtifcoCtT9bcxOpYBtpD2kCM6Sbzg4CausW/PKQ==}
    dev: false

  /loose-envify@1.4.0:
    resolution: {integrity: sha512-lyuxPGr/Wfhrlem2CL/UcnUc1zcqKAImBDzukY7Y5F/yQiNdko6+fRLevlw1HgMySw7f611UIY408EtxRSoK3Q==}
    hasBin: true
    dependencies:
      js-tokens: 4.0.0
    dev: false

  /make-error@1.3.6:
    resolution: {integrity: sha512-s8UhlNe7vPKomQhC1qFelMokr/Sc3AgNbso3n74mVPA5LTZwkB9NlXf4XPamLxJE8h0gh73rM94xvwRT2CVInw==}
    dev: false

  /media-typer@0.3.0:
    resolution: {integrity: sha512-dq+qelQ9akHpcOl/gUVRTxVIOkAJ1wR3QAvb4RsVjS8oVoFjDGTc679wJYmUmknUF5HwMLOgb5O+a3KxfWapPQ==}
    engines: {node: '>= 0.6'}
    dev: false

  /merge-descriptors@1.0.1:
    resolution: {integrity: sha512-cCi6g3/Zr1iqQi6ySbseM1Xvooa98N0w31jzUYrXPX2xqObmFGHJ0tQ5u74H3mVh7wLouTseZyYIq39g8cNp1w==}
    dev: false

  /merge2@1.4.1:
    resolution: {integrity: sha512-8q7VEgMJW4J8tcfVPy8g09NcQwZdbwFEqhe/WZkoIzjn/3TGDwtOCYtXGxA3O8tPzpczCCDgv+P2P5y00ZJOOg==}
    engines: {node: '>= 8'}
    dev: false

  /methods@1.1.2:
    resolution: {integrity: sha512-iclAHeNqNm68zFtnZ0e+1L2yUIdvzNoauKU4WBA3VvH/vPFieF7qfRlwUZU+DA9P9bPXIS90ulxoUoCH23sV2w==}
    engines: {node: '>= 0.6'}
    dev: false

  /micromatch@4.0.5:
    resolution: {integrity: sha512-DMy+ERcEW2q8Z2Po+WNXuw3c5YaUSFjAO5GsJqfEl7UjvtIuFKO6ZrKvcItdy98dwFI2N1tg3zNIdKaQT+aNdA==}
    engines: {node: '>=8.6'}
    dependencies:
      braces: 3.0.2
      picomatch: 2.3.1
    dev: false

  /mime-db@1.52.0:
    resolution: {integrity: sha512-sPU4uV7dYlvtWJxwwxHD0PuihVNiE7TyAbQ5SWxDCB9mUYvOgroQOwYQQOKPJ8CIbE+1ETVlOoK1UC2nU3gYvg==}
    engines: {node: '>= 0.6'}
    dev: false

  /mime-types@2.1.35:
    resolution: {integrity: sha512-ZDY+bPm5zTTF+YpCrAU9nK0UgICYPT0QtT1NZWFv4s++TNkcgVaT0g6+4R2uI4MjQjzysHB1zxuWL50hzaeXiw==}
    engines: {node: '>= 0.6'}
    dependencies:
      mime-db: 1.52.0
    dev: false

  /mime@1.6.0:
    resolution: {integrity: sha512-x0Vn8spI+wuJ1O6S7gnbaQg8Pxh4NNHb7KSINmEWKiPE4RKOplvijn+NkmYmmRgP68mc70j2EbeTFRsrswaQeg==}
    engines: {node: '>=4'}
    hasBin: true
    dev: false

  /mrmime@1.0.1:
    resolution: {integrity: sha512-hzzEagAgDyoU1Q6yg5uI+AorQgdvMCur3FcKf7NhMKWsaYg+RnbTyHRa/9IlLF9rf455MOCtcqqrQQ83pPP7Uw==}
    engines: {node: '>=10'}
    dev: false

  /ms@2.0.0:
    resolution: {integrity: sha512-Tpp60P6IUJDTuOq/5Z8cdskzJujfwqfOTkrwIwj7IRISpnkJnT6SyJ4PCPnGMoFjC9ddhal5KVIYtAt97ix05A==}
    dev: false

  /ms@2.1.3:
    resolution: {integrity: sha512-6FlzubTLZG3J2a/NVCAleEhjzq5oxgHyaCU9yYXvcLsvoVaHJq/s5xXI6/XXP6tz7R9xAOtHnSO/tXtF3WRTlA==}
    dev: false

  /nanoid@3.3.6:
    resolution: {integrity: sha512-BGcqMMJuToF7i1rt+2PWSNVnWIkGCU78jBG3RxO/bZlnZPK2Cmi2QaffxGO/2RvWi9sL+FAiRiXMgsyxQ1DIDA==}
    engines: {node: ^10 || ^12 || ^13.7 || ^14 || >=15.0.1}
    hasBin: true
    dev: false

  /negotiator@0.6.3:
    resolution: {integrity: sha512-+EUsqGPLsM+j/zdChZjsnX51g4XrHFOIXwfnCVPGlQk/k5giakcKsuxCObBRu6DSm9opw/O6slWbJdghQM4bBg==}
    engines: {node: '>= 0.6'}
    dev: false

  /object-inspect@1.12.3:
    resolution: {integrity: sha512-geUvdk7c+eizMNUDkRpW1wJwgfOiOeHbxBR/hLXK1aT6zmVSO0jsQcs7fj6MGw89jC/cjGfLcNOrtMYtGqm81g==}
    dev: false

  /on-finished@2.4.1:
    resolution: {integrity: sha512-oVlzkg3ENAhCk2zdv7IJwd/QUD4z2RxRwpkcGY8psCVcCYZNq4wYnVWALHM+brtuJjePWiYF/ClmuDr8Ch5+kg==}
    engines: {node: '>= 0.8'}
    dependencies:
      ee-first: 1.1.1
    dev: false

  /on-headers@1.0.2:
    resolution: {integrity: sha512-pZAE+FJLoyITytdqK0U5s+FIpjN0JP3OzFi/u8Rx+EV5/W+JTWGXG8xFzevE7AjBfDqHv/8vL8qQsIhHnqRkrA==}
    engines: {node: '>= 0.8'}
    dev: false

  /parseurl@1.3.3:
    resolution: {integrity: sha512-CiyeOxFT/JZyN5m0z9PfXw4SCBJ6Sygz1Dpl0wqjlhDEGGBP1GnsUVEL0p63hoG1fcj3fHynXi9NYO4nWOL+qQ==}
    engines: {node: '>= 0.8'}
    dev: false

  /path-key@3.1.1:
    resolution: {integrity: sha512-ojmeN0qd+y0jszEtoY48r0Peq5dwMEkIlCOu6Q5f41lfkswXuKtYrhgoTpLnyIcHm24Uhqx+5Tqm2InSwLhE6Q==}
    engines: {node: '>=8'}
    dev: false

  /path-to-regexp@0.1.7:
    resolution: {integrity: sha512-5DFkuoqlv1uYQKxy8omFBeJPQcdoE07Kv2sferDCrAq1ohOU+MSDswDIbnx3YAM60qIOnYa53wBhXW0EbMonrQ==}
    dev: false

  /picocolors@1.0.0:
    resolution: {integrity: sha512-1fygroTLlHu66zi26VoTDv8yRgm0Fccecssto+MhsZ0D/DGW2sm8E8AjW7NU5VVTRt5GxbeZ5qBuJr+HyLYkjQ==}
    dev: false

  /picomatch@2.3.1:
    resolution: {integrity: sha512-JU3teHTNjmE2VCGFzuY8EXzCDVwEqB2a8fsIvwaStHhAWJEeVd1o1QD80CU6+ZdEXXSLbSsuLwJjkCBWqRQUVA==}
    engines: {node: '>=8.6'}
    dev: false

  /postcss@8.4.23:
    resolution: {integrity: sha512-bQ3qMcpF6A/YjR55xtoTr0jGOlnPOKAIMdOWiv0EIT6HVPEaJiJB4NLljSbiHoC2RX7DN5Uvjtpbg1NPdwv1oA==}
    engines: {node: ^10 || ^12 || >=14}
    dependencies:
      nanoid: 3.3.6
      picocolors: 1.0.0
      source-map-js: 1.0.2
    dev: false

  /proxy-addr@2.0.7:
    resolution: {integrity: sha512-llQsMLSUDUPT44jdrU/O37qlnifitDP+ZwrmmZcoSKyLKvtZxpyV0n2/bD/N4tBAAZ/gJEdZU7KMraoK1+XYAg==}
    engines: {node: '>= 0.10'}
    dependencies:
      forwarded: 0.2.0
      ipaddr.js: 1.9.1
    dev: false

  /qs@6.11.0:
    resolution: {integrity: sha512-MvjoMCJwEarSbUYk5O+nmoSzSutSsTwF85zcHPQ9OrlFoZOYIjaqBAJIqIXjptyD5vThxGq52Xu/MaJzRkIk4Q==}
    engines: {node: '>=0.6'}
    dependencies:
      side-channel: 1.0.4
    dev: false

  /queue-microtask@1.2.3:
    resolution: {integrity: sha512-NuaNSa6flKT5JaSYQzJok04JzTL1CA6aGhv5rfLW3PgqA+M2ChpZQnAC8h8i4ZFkBS8X5RqkDBHA7r4hej3K9A==}
    dev: false

  /range-parser@1.2.1:
    resolution: {integrity: sha512-Hrgsx+orqoygnmhFbKaHE6c296J+HTAQXoxEF6gNupROmmGJRoyzfG3ccAveqCBrwr/2yxQ5BVd/GTl5agOwSg==}
    engines: {node: '>= 0.6'}
    dev: false

  /raw-body@2.5.1:
    resolution: {integrity: sha512-qqJBtEyVgS0ZmPGdCFPWJ3FreoqvG4MVQln/kCgF7Olq95IbOp0/BWyMwbdtn4VTvkM8Y7khCQ2Xgk/tcrCXig==}
    engines: {node: '>= 0.8'}
    dependencies:
      bytes: 3.1.2
      http-errors: 2.0.0
      iconv-lite: 0.4.24
      unpipe: 1.0.0
    dev: false

  /react-dom@18.2.0(react@18.2.0):
    resolution: {integrity: sha512-6IMTriUmvsjHUjNtEDudZfuDQUoWXVxKHhlEGSk81n4YFS+r/Kl99wXiwlVXtPBtJenozv2P+hxDsw9eA7Xo6g==}
    peerDependencies:
      react: ^18.2.0
    dependencies:
      loose-envify: 1.4.0
      react: 18.2.0
      scheduler: 0.23.0
    dev: false

  /react@18.2.0:
    resolution: {integrity: sha512-/3IjMdb2L9QbBdWiW5e3P2/npwMBaU9mHCSCUzNln0ZCYbcfTsGbTJrU/kGemdH2IWmB2ioZ+zkxtmq6g09fGQ==}
    engines: {node: '>=0.10.0'}
    dependencies:
      loose-envify: 1.4.0
    dev: false

  /remove-accents@0.4.2:
    resolution: {integrity: sha512-7pXIJqJOq5tFgG1A2Zxti3Ht8jJF337m4sowbuHsW30ZnkQFnDzy9qBNhgzX8ZLW4+UBcXiiR7SwR6pokHsxiA==}
    dev: false

  /reusify@1.0.4:
    resolution: {integrity: sha512-U9nH88a3fc/ekCF1l0/UP1IosiuIjyTh7hBvXVMHYgVcfGvt897Xguj2UOLDeI5BG2m7/uwyaLVT6fbtCwTyzw==}
    engines: {iojs: '>=1.0.0', node: '>=0.10.0'}
    dev: false

  /rollup@3.20.7:
    resolution: {integrity: sha512-P7E2zezKSLhWnTz46XxjSmInrbOCiul1yf+kJccMxT56vxjHwCbDfoLbiqFgu+WQoo9ij2PkraYaBstgB2prBA==}
    engines: {node: '>=14.18.0', npm: '>=8.0.0'}
    hasBin: true
    optionalDependencies:
      fsevents: 2.3.3
    dev: false

  /run-parallel@1.2.0:
    resolution: {integrity: sha512-5l4VyZR86LZ/lDxZTR6jqL8AFE2S0IFLMP26AbjsLVADxHdhB/c0GUsH+y39UfCi3dzz8OlQuPmnaJOMoDHQBA==}
    dependencies:
      queue-microtask: 1.2.3
    dev: false

  /safe-buffer@5.1.2:
    resolution: {integrity: sha512-Gd2UZBJDkXlY7GbJxfsE8/nvKkUEU1G38c1siN6QP6a9PT9MmHB8GnpscSmMJSoF8LOIrt8ud/wPtojys4G6+g==}
    dev: false

  /safe-buffer@5.2.1:
    resolution: {integrity: sha512-rp3So07KcdmmKbGvgaNxQSJr7bGVSVk5S9Eq1F+ppbRo70+YeaDxkw5Dd8NPN+GD6bjnYm2VuPuCXmpuYvmCXQ==}
    dev: false

  /safer-buffer@2.1.2:
    resolution: {integrity: sha512-YZo3K82SD7Riyi0E1EQPojLz7kpepnSQI9IyPbHHg1XXXevb5dJI7tpyN2ADxGcQbHG7vcyRHk0cbwqcQriUtg==}
    dev: false

  /scheduler@0.23.0:
    resolution: {integrity: sha512-CtuThmgHNg7zIZWAXi3AsyIzA3n4xx7aNyjwC2VJldO2LMVDhFK+63xGqq6CsJH4rTAt6/M+N4GhZiDYPx9eUw==}
    dependencies:
      loose-envify: 1.4.0
    dev: false

  /send@0.18.0:
    resolution: {integrity: sha512-qqWzuOjSFOuqPjFe4NOsMLafToQQwBSOEpS+FwEt3A2V3vKubTquT3vmLTQpFgMXp8AlFWFuP1qKaJZOtPpVXg==}
    engines: {node: '>= 0.8.0'}
    dependencies:
      debug: 2.6.9
      depd: 2.0.0
      destroy: 1.2.0
      encodeurl: 1.0.2
      escape-html: 1.0.3
      etag: 1.8.1
      fresh: 0.5.2
      http-errors: 2.0.0
      mime: 1.6.0
      ms: 2.1.3
      on-finished: 2.4.1
      range-parser: 1.2.1
      statuses: 2.0.1
    transitivePeerDependencies:
      - supports-color
    dev: false

  /serve-static@1.15.0:
    resolution: {integrity: sha512-XGuRDNjXUijsUL0vl6nSD7cwURuzEgglbOaFuZM9g3kwDXOWVTck0jLzjPzGD+TazWbboZYu52/9/XPdUgne9g==}
    engines: {node: '>= 0.8.0'}
    dependencies:
      encodeurl: 1.0.2
      escape-html: 1.0.3
      parseurl: 1.3.3
      send: 0.18.0
    transitivePeerDependencies:
      - supports-color
    dev: false

  /setprototypeof@1.2.0:
    resolution: {integrity: sha512-E5LDX7Wrp85Kil5bhZv46j8jOeboKq5JMmYM3gVGdGH8xFpPWXUMsNrlODCrkoxMEeNi/XZIwuRvY4XNwYMJpw==}
    dev: false

  /shebang-command@2.0.0:
    resolution: {integrity: sha512-kHxr2zZpYtdmrN1qDjrrX/Z1rR1kG8Dx+gkpK1G4eXmvXswmcE1hTWBWYUzlraYw1/yZp6YuDY77YtvbN0dmDA==}
    engines: {node: '>=8'}
    dependencies:
      shebang-regex: 3.0.0
    dev: false

  /shebang-regex@3.0.0:
    resolution: {integrity: sha512-7++dFhtcx3353uBaq8DDR4NuxBetBzC7ZQOhmTQInHEd6bSrXdiEyzCvG07Z44UYdLShWUyXt5M/yhz8ekcb1A==}
    engines: {node: '>=8'}
    dev: false

  /side-channel@1.0.4:
    resolution: {integrity: sha512-q5XPytqFEIKHkGdiMIrY10mvLRvnQh42/+GoBlFW3b2LXLE2xxJpZFdm94we0BaoV3RwJyGqg5wS7epxTv0Zvw==}
    dependencies:
      call-bind: 1.0.2
      get-intrinsic: 1.2.0
      object-inspect: 1.12.3
    dev: false

  /sirv@2.0.2:
    resolution: {integrity: sha512-4Qog6aE29nIjAOKe/wowFTxOdmbEZKb+3tsLljaBRzJwtqto0BChD2zzH0LhgCSXiI+V7X+Y45v14wBZQ1TK3w==}
    engines: {node: '>= 10'}
    dependencies:
      '@polka/url': 1.0.0-next.21
      mrmime: 1.0.1
      totalist: 3.0.1
    dev: false

  /source-map-js@1.0.2:
    resolution: {integrity: sha512-R0XvVJ9WusLiqTCEiGCmICCMplcCkIwwR11mOSD9CR5u+IXYdiseeEuXCVAjS54zqwkLcPNnmU4OeJ6tUrWhDw==}
    engines: {node: '>=0.10.0'}
    dev: false

  /statuses@2.0.1:
    resolution: {integrity: sha512-RwNA9Z/7PrK06rYLIzFMlaF+l73iwpzsqRIFgbMLbTcLD6cOao82TaWefPXQvB2fOC4AjuYSEndS7N/mTCbkdQ==}
    engines: {node: '>= 0.8'}
    dev: false

  /superjson@1.12.3:
    resolution: {integrity: sha512-0j+U70KUtP8+roVPbwfqkyQI7lBt7ETnuA7KXbTDX3mCKiD/4fXs2ldKSMdt0MCfpTwiMxo20yFU3vu6ewETpQ==}
    engines: {node: '>=10'}
    dependencies:
      copy-anything: 3.0.3
    dev: false

  /to-regex-range@5.0.1:
    resolution: {integrity: sha512-65P7iz6X5yEr1cwcgvQxbbIw7Uk3gOy5dIdtZ4rDveLqhrdJP+Li/Hx6tyK0NEb+2GCyneCMJiGqrADCSNk8sQ==}
    engines: {node: '>=8.0'}
    dependencies:
      is-number: 7.0.0
    dev: false

  /toidentifier@1.0.1:
    resolution: {integrity: sha512-o5sSPKEkg/DIQNmH43V0/uerLrpzVedkUh8tGNvaeXpfpuwjKenlSox/2O/BTlZUtEe+JG7s5YhEz608PlAHRA==}
    engines: {node: '>=0.6'}
    dev: false

  /totalist@3.0.1:
    resolution: {integrity: sha512-sf4i37nQ2LBx4m3wB74y+ubopq6W/dIzXg0FDGjsYnZHVa1Da8FH853wlL2gtUhg+xJXjfk3kUZS3BRoQeoQBQ==}
    engines: {node: '>=6'}
    dev: false

  /ts-node@10.9.1(@types/node@18.19.19)(typescript@5.0.4):
    resolution: {integrity: sha512-NtVysVPkxxrwFGUUxGYhfux8k78pQB3JqYBXlLRZgdGUqTO5wU/UyHop5p70iEbGhB7q5KmiZiU0Y3KlJrScEw==}
    hasBin: true
    peerDependencies:
      '@swc/core': '>=1.2.50'
      '@swc/wasm': '>=1.2.50'
      '@types/node': '*'
      typescript: '>=2.7'
    peerDependenciesMeta:
      '@swc/core':
        optional: true
      '@swc/wasm':
        optional: true
    dependencies:
      '@cspotcode/source-map-support': 0.8.1
      '@tsconfig/node10': 1.0.9
      '@tsconfig/node12': 1.0.11
      '@tsconfig/node14': 1.0.3
      '@tsconfig/node16': 1.0.3
      '@types/node': 18.19.19
      acorn: 8.8.2
      acorn-walk: 8.2.0
      arg: 4.1.3
      create-require: 1.1.1
      diff: 4.0.2
      make-error: 1.3.6
      typescript: 5.0.4
      v8-compile-cache-lib: 3.0.1
      yn: 3.1.1
    dev: false

  /type-is@1.6.18:
    resolution: {integrity: sha512-TkRKr9sUTxEH8MdfuCSP7VizJyzRNMjj2J2do2Jr3Kym598JVdEksuzPQCnlFPW4ky9Q+iA+ma9BGm06XQBy8g==}
    engines: {node: '>= 0.6'}
    dependencies:
      media-typer: 0.3.0
      mime-types: 2.1.35
    dev: false

  /typescript@5.0.4:
    resolution: {integrity: sha512-cW9T5W9xY37cc+jfEnaUvX91foxtHkza3Nw3wkoF4sSlKn0MONdkdEndig/qPBWXNkmplh3NzayQzCiHM4/hqw==}
    engines: {node: '>=12.20'}
    hasBin: true
    dev: false

  /undici-types@5.26.5:
    resolution: {integrity: sha512-JlCMO+ehdEIKqlFxk6IfVoAUVmgz7cU7zD/h9XZ0qzeosSHmUJVOzSQvvYSYWXkFXC+IfLKSIffhv0sVZup6pA==}
    dev: false

  /unpipe@1.0.0:
    resolution: {integrity: sha512-pjy2bYhSsufwWlKwPc+l3cN7+wuJlK6uz0YdJEOlQDbl6jo/YlPi4mb8agUkVC8BF7V8NuzeyPNqRksA3hztKQ==}
    engines: {node: '>= 0.8'}
    dev: false

  /use-sync-external-store@1.2.0(react@18.2.0):
    resolution: {integrity: sha512-eEgnFxGQ1Ife9bzYs6VLi8/4X6CObHMw9Qr9tPY43iKwsPw8xE8+EFsf/2cFZ5S3esXgpWgtSCtLNS41F+sKPA==}
    peerDependencies:
      react: ^16.8.0 || ^17.0.0 || ^18.0.0
    dependencies:
      react: 18.2.0
    dev: false

  /utils-merge@1.0.1:
    resolution: {integrity: sha512-pMZTvIkT1d+TFGvDOqodOclx0QWkkgi6Tdoa8gC8ffGAAqz9pzPTZWAybbsHHoED/ztMtkv/VoYTYyShUn81hA==}
    engines: {node: '>= 0.4.0'}
    dev: false

  /v8-compile-cache-lib@3.0.1:
    resolution: {integrity: sha512-wa7YjyUGfNZngI/vtK0UHAN+lgDCxBPCylVXGp0zu59Fz5aiGtNXaq3DhIov063MorB+VfufLh3JlF2KdTK3xg==}
    dev: false

  /vary@1.1.2:
    resolution: {integrity: sha512-BNGbWLfd0eUPabhkXUVm0j8uuvREyTh5ovRa/dyow/BqAbZJyC+5fU+IzQOzmAKzYqYRAISoRhdQr3eIZ/PXqg==}
    engines: {node: '>= 0.8'}
    dev: false

  /vite-plugin-ssr@0.4.115(vite@4.3.1):
    resolution: {integrity: sha512-SXoru+rFEwSBgYXvQXzG73nfN8x+MGhlW4pcJI2BX0p6Tei8ys0tyg1yNu1VI95Uux2rBZip6ra/43rvKSNsag==}
    engines: {node: '>=12.19.0'}
    hasBin: true
    peerDependencies:
      react-streaming: '>=0.3.5'
      vite: '>=3.0.0'
    peerDependenciesMeta:
      react-streaming:
        optional: true
    dependencies:
      '@brillout/import': 0.2.3
      '@brillout/json-serializer': 0.5.3
      '@brillout/vite-plugin-import-build': 0.2.16
      acorn: 8.8.2
      cac: 6.7.14
      es-module-lexer: 0.10.5
      esbuild: 0.17.17
      fast-glob: 3.2.12
      picocolors: 1.0.0
      sirv: 2.0.2
      vite: 4.3.1(@types/node@18.19.19)
    dev: false

  /vite@4.3.1(@types/node@18.19.19):
    resolution: {integrity: sha512-EPmfPLAI79Z/RofuMvkIS0Yr091T2ReUoXQqc5ppBX/sjFRhHKiPPF/R46cTdoci/XgeQpB23diiJxq5w30vdg==}
    engines: {node: ^14.18.0 || >=16.0.0}
    hasBin: true
    peerDependencies:
      '@types/node': '>= 14'
      less: '*'
      sass: '*'
      stylus: '*'
      sugarss: '*'
      terser: ^5.4.0
    peerDependenciesMeta:
      '@types/node':
        optional: true
      less:
        optional: true
      sass:
        optional: true
      stylus:
        optional: true
      sugarss:
        optional: true
      terser:
        optional: true
    dependencies:
      '@types/node': 18.19.19
      esbuild: 0.17.17
      postcss: 8.4.23
      rollup: 3.20.7
    optionalDependencies:
      fsevents: 2.3.3
    dev: false

  /which@2.0.2:
    resolution: {integrity: sha512-BLI3Tl1TW3Pvl70l3yq3Y64i+awpwXqsGBYWkkqMtnbXgrMD+yj7rhW0kuEDxzJaYXGjEW5ogapKNMEKNMjibA==}
    engines: {node: '>= 8'}
    hasBin: true
    dependencies:
      isexe: 2.0.0
    dev: false

  /yn@3.1.1:
    resolution: {integrity: sha512-Ux4ygGWsu2c7isFWe8Yu1YluJmqVhxqK2cLXNQA5AcC3QfbGNpM7fu0Y8b/z16pXLnFxZYvWhd3fhBY9DLmC6Q==}
    engines: {node: '>=6'}
    dev: false
